
Microsoft Visual Studio Solution File, Format Version 12.00
# Visual Studio Version 16
VisualStudioVersion = 16.0.31729.503
MinimumVisualStudioVersion = 10.0.40219.1
Project("{FAE04EC0-301F-11D3-BF4B-00C04F79EFBC}") = "DurableStorageApp", "DurableStorageApp.csproj", "{A003CEC0-77B8-47CC-87AA-37615877E8F9}"
EndProject
Project("{FAE04EC0-301F-11D3-BF4B-00C04F79EFBC}") = "DurableStorageApp.Models", "..\DurableStorage.Models\DurableStorageApp.Models.csproj", "{79C9FA8C-BAEA-44CA-9571-BCF0F5030B6E}"
EndProject
Global
	GlobalSection(SolutionConfigurationPlatforms) = preSolution
		Debug|Any CPU = Debug|Any CPU
		Release|Any CPU = Release|Any CPU
	EndGlobalSection
	GlobalSection(ProjectConfigurationPlatforms) = postSolution
		{A003CEC0-77B8-47CC-87AA-37615877E8F9}.Debug|Any CPU.ActiveCfg = Debug|Any CPU
		{A003CEC0-77B8-47CC-87AA-37615877E8F9}.Debug|Any CPU.Build.0 = Debug|Any CPU
		{A003CEC0-77B8-47CC-87AA-37615877E8F9}.Release|Any CPU.ActiveCfg = Release|Any CPU
		{A003CEC0-77B8-47CC-87AA-37615877E8F9}.Release|Any CPU.Build.0 = Release|Any CPU
		{79C9FA8C-BAEA-44CA-9571-BCF0F5030B6E}.Debug|Any CPU.ActiveCfg = Debug|Any CPU
		{79C9FA8C-BAEA-44CA-9571-BCF0F5030B6E}.Debug|Any CPU.Build.0 = Debug|Any CPU
		{79C9FA8C-BAEA-44CA-9571-BCF0F5030B6E}.Release|Any CPU.ActiveCfg = Release|Any CPU
		{79C9FA8C-BAEA-44CA-9571-BCF0F5030B6E}.Release|Any CPU.Build.0 = Release|Any CPU
	EndGlobalSection
	GlobalSection(SolutionProperties) = preSolution
		HideSolutionNode = FALSE
	EndGlobalSection
	GlobalSection(ExtensibilityGlobals) = postSolution
		SolutionGuid = {36837AEF-6A5C-476A-BD9D-20EC51143F1B}
	EndGlobalSection
EndGlobal
